<Solution>
  <Folder Name="/src/">
    <Project Path="src/Depository.Abstraction/Depository.Abstraction.csproj" />
    <Project Path="src/Depository.Core/Depository.Core.csproj" />
    <Project Path="src/Depository.Extensions.DependencyInjection/Depository.Extensions.DependencyInjection.csproj" />
    <Project Path="src/Depository.Extensions/Depository.Extensions.csproj" />
    <Project Path="src/Depository/Depository.csproj">
      <BuildDependency Project="src/Depository.Abstraction/Depository.Abstraction.csproj" />
    </Project>
  </Folder>
  <Project Path="Depository.Benchmarks/Depository.Benchmarks.csproj" />
  <Project Path="Depository.Tests/Depository.Tests.csproj" />
</Solution>
